{
  "pins" : [
    {
      "identity" : "tree-sitter",
      "kind" : "remoteSourceControl",
      "location" : "https://github.com/tree-sitter/tree-sitter",
      "state" : {
        "branch" : "master",
        "revision" : "20924fa4cdeb10d82ac308481e39bf8519334e55"
      }
    }
  ],
  "version" : 2
}
